
Microsoft Visual Studio Solution File, Format Version 12.00
# Visual Studio Version 16
VisualStudioVersion = 16.0.32802.440
MinimumVisualStudioVersion = 10.0.40219.1
Project("{9A19103F-16F7-4668-BE54-9A1E7A4F7556}") = "Pharmacy", "Pharmacy\Pharmacy.csproj", "{AB8B0778-5D07-4560-A577-DF22321D955C}"
EndProject
Project("{9A19103F-16F7-4668-BE54-9A1E7A4F7556}") = "Pharmacy.Entity", "Pharmacy.Entity\Pharmacy.Entity.csproj", "{A7F63A0A-C2CE-4E2E-A74C-C89CB5DEF12A}"
EndProject
Project("{9A19103F-16F7-4668-BE54-9A1E7A4F7556}") = "Pharmacy.BL", "Pharmacy.BL\Pharmacy.BL.csproj", "{B5C57860-A4C8-435C-9D7B-807AF42F02CE}"
EndProject
Project("{FAE04EC0-301F-11D3-BF4B-00C04F79EFBC}") = "Pharmacy.Core", "Pharmacy.Core\Pharmacy.Core.csproj", "{DD6D6040-BC48-453F-A758-12C147975ADD}"
EndProject
Global
	GlobalSection(SolutionConfigurationPlatforms) = preSolution
		Debug|Any CPU = Debug|Any CPU
		Release|Any CPU = Release|Any CPU
	EndGlobalSection
	GlobalSection(ProjectConfigurationPlatforms) = postSolution
		{AB8B0778-5D07-4560-A577-DF22321D955C}.Debug|Any CPU.ActiveCfg = Debug|Any CPU
		{AB8B0778-5D07-4560-A577-DF22321D955C}.Debug|Any CPU.Build.0 = Debug|Any CPU
		{AB8B0778-5D07-4560-A577-DF22321D955C}.Release|Any CPU.ActiveCfg = Release|Any CPU
		{AB8B0778-5D07-4560-A577-DF22321D955C}.Release|Any CPU.Build.0 = Release|Any CPU
		{A7F63A0A-C2CE-4E2E-A74C-C89CB5DEF12A}.Debug|Any CPU.ActiveCfg = Debug|Any CPU
		{A7F63A0A-C2CE-4E2E-A74C-C89CB5DEF12A}.Debug|Any CPU.Build.0 = Debug|Any CPU
		{A7F63A0A-C2CE-4E2E-A74C-C89CB5DEF12A}.Release|Any CPU.ActiveCfg = Release|Any CPU
		{A7F63A0A-C2CE-4E2E-A74C-C89CB5DEF12A}.Release|Any CPU.Build.0 = Release|Any CPU
		{B5C57860-A4C8-435C-9D7B-807AF42F02CE}.Debug|Any CPU.ActiveCfg = Debug|Any CPU
		{B5C57860-A4C8-435C-9D7B-807AF42F02CE}.Debug|Any CPU.Build.0 = Debug|Any CPU
		{B5C57860-A4C8-435C-9D7B-807AF42F02CE}.Release|Any CPU.ActiveCfg = Release|Any CPU
		{B5C57860-A4C8-435C-9D7B-807AF42F02CE}.Release|Any CPU.Build.0 = Release|Any CPU
		{DD6D6040-BC48-453F-A758-12C147975ADD}.Debug|Any CPU.ActiveCfg = Debug|Any CPU
		{DD6D6040-BC48-453F-A758-12C147975ADD}.Debug|Any CPU.Build.0 = Debug|Any CPU
		{DD6D6040-BC48-453F-A758-12C147975ADD}.Release|Any CPU.ActiveCfg = Release|Any CPU
		{DD6D6040-BC48-453F-A758-12C147975ADD}.Release|Any CPU.Build.0 = Release|Any CPU
	EndGlobalSection
	GlobalSection(SolutionProperties) = preSolution
		HideSolutionNode = FALSE
	EndGlobalSection
	GlobalSection(ExtensibilityGlobals) = postSolution
		SolutionGuid = {93B11588-AECF-46C2-A283-DAB0F326E252}
	EndGlobalSection
EndGlobal
